// !$*UTF8*$!
{
	archiveVersion = 1;
	classes = {
	};
	objectVersion = 46;
	objects = {

/* Begin PBXBuildFile section */
		94345E6B1ADD0097001D3711 /* AppDelegate.swift in Sources */ = {isa = PBXBuildFile; fileRef = 94345E6A1ADD0097001D3711 /* AppDelegate.swift */; };
		94345E6D1ADD0097001D3711 /* WebViewController.swift in Sources */ = {isa = PBXBuildFile; fileRef = 94345E6C1ADD0097001D3711 /* WebViewController.swift */; };
		94345E701ADD0097001D3711 /* Main.storyboard in Resources */ = {isa = PBXBuildFile; fileRef = 94345E6E1ADD0097001D3711 /* Main.storyboard */; };
		94345E721ADD0097001D3711 /* Images.xcassets in Resources */ = {isa = PBXBuildFile; fileRef = 94345E711ADD0097001D3711 /* Images.xcassets */; };
		94345E751ADD0097001D3711 /* LaunchScreen.xib in Resources */ = {isa = PBXBuildFile; fileRef = 94345E731ADD0097001D3711 /* LaunchScreen.xib */; };
		94345E811ADD0097001D3711 /* webViewTests.swift in Sources */ = {isa = PBXBuildFile; fileRef = 94345E801ADD0097001D3711 /* webViewTests.swift */; };
/* End PBXBuildFile section */

/* Begin PBXContainerItemProxy section */
		94345E7B1ADD0097001D3711 /* PBXContainerItemProxy */ = {
			isa = PBXContainerItemProxy;
			containerPortal = 94345E5D1ADD0097001D3711 /* Project object */;
			proxyType = 1;
			remoteGlobalIDString = 94345E641ADD0097001D3711;
			remoteInfo = webView;
		};
/* End PBXContainerItemProxy section */

/* Begin PBXFileReference section */
		94345E651ADD0097001D3711 /* webView.app */ = {isa = PBXFileReference; explicitFileType = wrapper.application; includeInIndex = 0; path = webView.app; sourceTree = BUILT_PRODUCTS_DIR; };
		94345E691ADD0097001D3711 /* Info.plist */ = {isa = PBXFileReference; lastKnownFileType = text.plist.xml; path = Info.plist; sourceTree = "<group>"; };
		94345E6A1ADD0097001D3711 /* AppDelegate.swift */ = {isa = PBXFileReference; lastKnownFileType = sourcecode.swift; path = AppDelegate.swift; sourceTree = "<group>"; };
		94345E6C1ADD0097001D3711 /* WebViewController.swift */ = {isa = PBXFileReference; lastKnownFileType = sourcecode.swift; path = WebViewController.swift; sourceTree = "<group>"; };
		94345E6F1ADD0097001D3711 /* Base */ = {isa = PBXFileReference; lastKnownFileType = file.storyboard; name = Base; path = Base.lproj/Main.storyboard; sourceTree = "<group>"; };
		94345E711ADD0097001D3711 /* Images.xcassets */ = {isa = PBXFileReference; lastKnownFileType = folder.assetcatalog; path = Images.xcassets; sourceTree = "<group>"; };
		94345E741ADD0097001D3711 /* Base */ = {isa = PBXFileReference; lastKnownFileType = file.xib; name = Base; path = Base.lproj/LaunchScreen.xib; sourceTree = "<group>"; };
		94345E7A1ADD0097001D3711 /* webViewTests.xctest */ = {isa = PBXFileReference; explicitFileType = wrapper.cfbundle; includeInIndex = 0; path = webViewTests.xctest; sourceTree = BUILT_PRODUCTS_DIR; };
		94345E7F1ADD0097001D3711 /* Info.plist */ = {isa = PBXFileReference; lastKnownFileType = text.plist.xml; path = Info.plist; sourceTree = "<group>"; };
		94345E801ADD0097001D3711 /* webViewTests.swift */ = {isa = PBXFileReference; lastKnownFileType = sourcecode.swift; path = webViewTests.swift; sourceTree = "<group>"; };
/* End PBXFileReference section */

/* Begin PBXFrameworksBuildPhase section */
		94345E621ADD0097001D3711 /* Frameworks */ = {
			isa = PBXFrameworksBuildPhase;
			buildActionMask = 2147483647;
			files = (
			);
			runOnlyForDeploymentPostprocessing = 0;
		};
		94345E771ADD0097001D3711 /* Frameworks */ = {
			isa = PBXFrameworksBuildPhase;
			buildActionMask = 2147483647;
			files = (
			);
			runOnlyForDeploymentPostprocessing = 0;
		};
/* End PBXFrameworksBuildPhase section */

/* Begin PBXGroup section */
		94345E5C1ADD0097001D3711 = {
			isa = PBXGroup;
			children = (
				94345E671ADD0097001D3711 /* webView */,
				94345E7D1ADD0097001D3711 /* webViewTests */,
				94345E661ADD0097001D3711 /* Products */,
			);
			sourceTree = "<group>";
		};
		94345E661ADD0097001D3711 /* Products */ = {
			isa = PBXGroup;
			children = (
				94345E651ADD0097001D3711 /* webView.app */,
				94345E7A1ADD0097001D3711 /* webViewTests.xctest */,
			);
			name = Products;
			sourceTree = "<group>";
		};
		94345E671ADD0097001D3711 /* webView */ = {
			isa = PBXGroup;
			children = (
				94345E6A1ADD0097001D3711 /* AppDelegate.swift */,
				94345E6C1ADD0097001D3711 /* WebViewController.swift */,
				94345E6E1ADD0097001D3711 /* Main.storyboard */,
				94345E681ADD0097001D3711 /* Supporting Files */,
			);
			path = webView;
			sourceTree = "<group>";
		};
		94345E681ADD0097001D3711 /* Supporting Files */ = {
			isa = PBXGroup;
			children = (
				94345E711ADD0097001D3711 /* Images.xcassets */,
				94345E731ADD0097001D3711 /* LaunchScreen.xib */,
				94345E691ADD0097001D3711 /* Info.plist */,
			);
			name = "Supporting Files";
			sourceTree = "<group>";
		};
		94345E7D1ADD0097001D3711 /* webViewTests */ = {
			isa = PBXGroup;
			children = (
				94345E801ADD0097001D3711 /* webViewTests.swift */,
				94345E7E1ADD0097001D3711 /* Supporting Files */,
			);
			path = webViewTests;
			sourceTree = "<group>";
		};
		94345E7E1ADD0097001D3711 /* Supporting Files */ = {
			isa = PBXGroup;
			children = (
				94345E7F1ADD0097001D3711 /* Info.plist */,
			);
			name = "Supporting Files";
			sourceTree = "<group>";
		};
/* End PBXGroup section */

/* Begin PBXNativeTarget section */
		94345E641ADD0097001D3711 /* webView */ = {
			isa = PBXNativeTarget;
			buildConfigurationList = 94345E841ADD0097001D3711 /* Build configuration list for PBXNativeTarget "webView" */;
			buildPhases = (
				94345E611ADD0097001D3711 /* Sources */,
				94345E621ADD0097001D3711 /* Frameworks */,
				94345E631ADD0097001D3711 /* Resources */,
			);
			buildRules = (
			);
			dependencies = (
			);
			name = webView;
			productName = webView;
			productReference = 94345E651ADD0097001D3711 /* webView.app */;
			productType = "com.apple.product-type.application";
		};
		94345E791ADD0097001D3711 /* webViewTests */ = {
			isa = PBXNativeTarget;
			buildConfigurationList = 94345E871ADD0097001D3711 /* Build configuration list for PBXNativeTarget "webViewTests" */;
			buildPhases = (
				94345E761ADD0097001D3711 /* Sources */,
				94345E771ADD0097001D3711 /* Frameworks */,
				94345E781ADD0097001D3711 /* Resources */,
			);
			buildRules = (
			);
			dependencies = (
				94345E7C1ADD0097001D3711 /* PBXTargetDependency */,
			);
			name = webViewTests;
			productName = webViewTests;
			productReference = 94345E7A1ADD0097001D3711 /* webViewTests.xctest */;
			productType = "com.apple.product-type.bundle.unit-test";
		};
/* End PBXNativeTarget section */

/* Begin PBXProject section */
		94345E5D1ADD0097001D3711 /* Project object */ = {
			isa = PBXProject;
			attributes = {
				LastUpgradeCheck = 0620;
				ORGANIZATIONNAME = Ryan;
				TargetAttributes = {
					94345E641ADD0097001D3711 = {
						CreatedOnToolsVersion = 6.2;
					};
					94345E791ADD0097001D3711 = {
						CreatedOnToolsVersion = 6.2;
						TestTargetID = 94345E641ADD0097001D3711;
					};
				};
			};
			buildConfigurationList = 94345E601ADD0097001D3711 /* Build configuration list for PBXProject "webView" */;
			compatibilityVersion = "Xcode 3.2";
			developmentRegion = English;
			hasScannedForEncodings = 0;
			knownRegions = (
				en,
				Base,
			);
			mainGroup = 94345E5C1ADD0097001D3711;
			productRefGroup = 94345E661ADD0097001D3711 /* Products */;
			projectDirPath = "";
			projectRoot = "";
			targets = (
				94345E641ADD0097001D3711 /* webView */,
				94345E791ADD0097001D3711 /* webViewTests */,
			);
		};
/* End PBXProject section */

/* Begin PBXResourcesBuildPhase section */
		94345E631ADD0097001D3711 /* Resources */ = {
			isa = PBXResourcesBuildPhase;
			buildActionMask = 2147483647;
			files = (
				94345E701ADD0097001D3711 /* Main.storyboard in Resources */,
				94345E751ADD0097001D3711 /* LaunchScreen.xib in Resources */,
				94345E721ADD0097001D3711 /* Images.xcassets in Resources */,
			);
			runOnlyForDeploymentPostprocessing = 0;
		};
		94345E781ADD0097001D3711 /* Resources */ = {
			isa = PBXResourcesBuildPhase;
			buildActionMask = 2147483647;
			files = (
			);
			runOnlyForDeploymentPostprocessing = 0;
		};
/* End PBXResourcesBuildPhase section */

/* Begin PBXSourcesBuildPhase section */
		94345E611ADD0097001D3711 /* Sources */ = {
			isa = PBXSourcesBuildPhase;
			buildActionMask = 2147483647;
			files = (
				94345E6D1ADD0097001D3711 /* WebViewController.swift in Sources */,
				94345E6B1ADD0097001D3711 /* AppDelegate.swift in Sources */,
			);
			runOnlyForDeploymentPostprocessing = 0;
		};
		94345E761ADD0097001D3711 /* Sources */ = {
			isa = PBXSourcesBuildPhase;
			buildActionMask = 2147483647;
			files = (
				94345E811ADD0097001D3711 /* webViewTests.swift in Sources */,
			);
			runOnlyForDeploymentPostprocessing = 0;
		};
/* End PBXSourcesBuildPhase section */

/* Begin PBXTargetDependency section */
		94345E7C1ADD0097001D3711 /* PBXTargetDependency */ = {
			isa = PBXTargetDependency;
			target = 94345E641ADD0097001D3711 /* webView */;
			targetProxy = 94345E7B1ADD0097001D3711 /* PBXContainerItemProxy */;
		};
/* End PBXTargetDependency section */

/* Begin PBXVariantGroup section */
		94345E6E1ADD0097001D3711 /* Main.storyboard */ = {
			isa = PBXVariantGroup;
			children = (
				94345E6F1ADD0097001D3711 /* Base */,
			);
			name = Main.storyboard;
			sourceTree = "<group>";
		};
		94345E731ADD0097001D3711 /* LaunchScreen.xib */ = {
			isa = PBXVariantGroup;
			children = (
				94345E741ADD0097001D3711 /* Base */,
			);
			name = LaunchScreen.xib;
			sourceTree = "<group>";
		};
/* End PBXVariantGroup section */

/* Begin XCBuildConfiguration section */
		94345E821ADD0097001D3711 /* Debug */ = {
			isa = XCBuildConfiguration;
			buildSettings = {
				ALWAYS_SEARCH_USER_PATHS = NO;
				CLANG_CXX_LANGUAGE_STANDARD = "gnu++0x";
				CLANG_CXX_LIBRARY = "libc++";
				CLANG_ENABLE_MODULES = YES;
				CLANG_ENABLE_OBJC_ARC = YES;
				CLANG_WARN_BOOL_CONVERSION = YES;
				CLANG_WARN_CONSTANT_CONVERSION = YES;
				CLANG_WARN_DIRECT_OBJC_ISA_USAGE = YES_ERROR;
				CLANG_WARN_EMPTY_BODY = YES;
				CLANG_WARN_ENUM_CONVERSION = YES;
				CLANG_WARN_INT_CONVERSION = YES;
				CLANG_WARN_OBJC_ROOT_CLASS = YES_ERROR;
				CLANG_WARN_UNREACHABLE_CODE = YES;
				CLANG_WARN__DUPLICATE_METHOD_MATCH = YES;
				"CODE_SIGN_IDENTITY[sdk=iphoneos*]" = "iPhone Developer";
				COPY_PHASE_STRIP = NO;
				ENABLE_STRICT_OBJC_MSGSEND = YES;
				GCC_C_LANGUAGE_STANDARD = gnu99;
				GCC_DYNAMIC_NO_PIC = NO;
				GCC_OPTIMIZATION_LEVEL = 0;
				GCC_PREPROCESSOR_DEFINITIONS = (
					"DEBUG=1",
					"$(inherited)",
				);
				GCC_SYMBOLS_PRIVATE_EXTERN = NO;
				GCC_WARN_64_TO_32_BIT_CONVERSION = YES;
				GCC_WARN_ABOUT_RETURN_TYPE = YES_ERROR;
				GCC_WARN_UNDECLARED_SELECTOR = YES;
				GCC_WARN_UNINITIALIZED_AUTOS = YES_AGGRESSIVE;
				GCC_WARN_UNUSED_FUNCTION = YES;
				GCC_WARN_UNUSED_VARIABLE = YES;
				IPHONEOS_DEPLOYMENT_TARGET = 8.2;
				MTL_ENABLE_DEBUG_INFO = YES;
				ONLY_ACTIVE_ARCH = YES;
				SDKROOT = iphoneos;
				SWIFT_OPTIMIZATION_LEVEL = "-Onone";
				TARGETED_DEVICE_FAMILY = "1,2";
			};
			name = Debug;
		};
		94345E831ADD0097001D3711 /* Release */ = {
			isa = XCBuildConfiguration;
			buildSettings = {
				ALWAYS_SEARCH_USER_PATHS = NO;
				CLANG_CXX_LANGUAGE_STANDARD = "gnu++0x";
				CLANG_CXX_LIBRARY = "libc++";
				CLANG_ENABLE_MODULES = YES;
				CLANG_ENABLE_OBJC_ARC = YES;
				CLANG_WARN_BOOL_CONVERSION = YES;
				CLANG_WARN_CONSTANT_CONVERSION = YES;
				CLANG_WARN_DIRECT_OBJC_ISA_USAGE = YES_ERROR;
				CLANG_WARN_EMPTY_BODY = YES;
				CLANG_WARN_ENUM_CONVERSION = YES;
				CLANG_WARN_INT_CONVERSION = YES;
				CLANG_WARN_OBJC_ROOT_CLASS = YES_ERROR;
				CLANG_WARN_UNREACHABLE_CODE = YES;
				CLANG_WARN__DUPLICATE_METHOD_MATCH = YES;
				"CODE_SIGN_IDENTITY[sdk=iphoneos*]" = "iPhone Developer";
				COPY_PHASE_STRIP = NO;
				ENABLE_NS_ASSERTIONS = NO;
				ENABLE_STRICT_OBJC_MSGSEND = YES;
				GCC_C_LANGUAGE_STANDARD = gnu99;
				GCC_WARN_64_TO_32_BIT_CONVERSION = YES;
				GCC_WARN_ABOUT_RETURN_TYPE = YES_ERROR;
				GCC_WARN_UNDECLARED_SELECTOR = YES;
				GCC_WARN_UNINITIALIZED_AUTOS = YES_AGGRESSIVE;
				GCC_WARN_UNUSED_FUNCTION = YES;
				GCC_WARN_UNUSED_VARIABLE = YES;
				IPHONEOS_DEPLOYMENT_TARGET = 8.2;
				MTL_ENABLE_DEBUG_INFO = NO;
				SDKROOT = iphoneos;
				TARGETED_DEVICE_FAMILY = "1,2";
				VALIDATE_PRODUCT = YES;
			};
			name = Release;
		};
		94345E851ADD0097001D3711 /* Debug */ = {
			isa = XCBuildConfiguration;
			buildSettings = {
				ASSETCATALOG_COMPILER_APPICON_NAME = AppIcon;
				INFOPLIST_FILE = webView/Info.plist;
				LD_RUNPATH_SEARCH_PATHS = "$(inherited) @executable_path/Frameworks";
				PRODUCT_NAME = "$(TARGET_NAME)";
			};
			name = Debug;
		};
		94345E861ADD0097001D3711 /* Release */ = {
			isa = XCBuildConfiguration;
			buildSettings = {
				ASSETCATALOG_COMPILER_APPICON_NAME = AppIcon;
				INFOPLIST_FILE = webView/Info.plist;
				LD_RUNPATH_SEARCH_PATHS = "$(inherited) @executable_path/Frameworks";
				PRODUCT_NAME = "$(TARGET_NAME)";
			};
			name = Release;
		};
		94345E881ADD0097001D3711 /* Debug */ = {
			isa = XCBuildConfiguration;
			buildSettings = {
				BUNDLE_LOADER = "$(TEST_HOST)";
				FRAMEWORK_SEARCH_PATHS = (
					"$(SDKROOT)/Developer/Library/Frameworks",
					"$(inherited)",
				);
				GCC_PREPROCESSOR_DEFINITIONS = (
					"DEBUG=1",
					"$(inherited)",
				);
				INFOPLIST_FILE = webViewTests/Info.plist;
				LD_RUNPATH_SEARCH_PATHS = "$(inherited) @executable_path/Frameworks @loader_path/Frameworks";
				PRODUCT_NAME = "$(TARGET_NAME)";
				TEST_HOST = "$(BUILT_PRODUCTS_DIR)/webView.app/webView";
			};
			name = Debug;
		};
		94345E891ADD0097001D3711 /* Release */ = {
			isa = XCBuildConfiguration;
			buildSettings = {
				BUNDLE_LOADER = "$(TEST_HOST)";
				FRAMEWORK_SEARCH_PATHS = (
					"$(SDKROOT)/Developer/Library/Frameworks",
					"$(inherited)",
				);
				INFOPLIST_FILE = webViewTests/Info.plist;
				LD_RUNPATH_SEARCH_PATHS = "$(inherited) @executable_path/Frameworks @loader_path/Frameworks";
				PRODUCT_NAME = "$(TARGET_NAME)";
				TEST_HOST = "$(BUILT_PRODUCTS_DIR)/webView.app/webView";
			};
			name = Release;
		};
/* End XCBuildConfiguration section */

/* Begin XCConfigurationList section */
		94345E601ADD0097001D3711 /* Build configuration list for PBXProject "webView" */ = {
			isa = XCConfigurationList;
			buildConfigurations = (
				94345E821ADD0097001D3711 /* Debug */,
				94345E831ADD0097001D3711 /* Release */,
			);
			defaultConfigurationIsVisible = 0;
			defaultConfigurationName = Release;
		};
		94345E841ADD0097001D3711 /* Build configuration list for PBXNativeTarget "webView" */ = {
			isa = XCConfigurationList;
			buildConfigurations = (
				94345E851ADD0097001D3711 /* Debug */,
				94345E861ADD0097001D3711 /* Release */,
			);
			defaultConfigurationIsVisible = 0;
			defaultConfigurationName = Release;
		};
		94345E871ADD0097001D3711 /* Build configuration list for PBXNativeTarget "webViewTests" */ = {
			isa = XCConfigurationList;
			buildConfigurations = (
				94345E881ADD0097001D3711 /* Debug */,
				94345E891ADD0097001D3711 /* Release */,
			);
			defaultConfigurationIsVisible = 0;
			defaultConfigurationName = Release;
		};
/* End XCConfigurationList section */
	};
	rootObject = 94345E5D1ADD0097001D3711 /* Project object */;
}
